{
  "name": "discord-bot-command",
  "version": "1.0.0",
  "lockfileVersion": 1,
  "requires": true,
  "dependencies": {
    "nodeimagegenerator": {
      "version": "1.0.0",
      "resolved": "https://registry.npmjs.org/nodeimagegenerator/-/nodeimagegenerator-1.0.0.tgz",
      "integrity": "sha512-rm7xsKHVj8UCIad0PPGwhuwl7phmmoe+od0xC8BhGO9IH/fan52xUYbXCGNSi1ISK89ogJNxNKIVPYqUH9YqzQ=="
    }
  }
}
